{
  "name": "customer-area",
  "version": "7.9.0",
  "lockfileVersion": 1,
  "requires": true,
  "dependencies": {
    "blueimp-canvas-to-blob": {
      "version": "3.5.0",
      "resolved": "https://registry.npmjs.org/blueimp-canvas-to-blob/-/blueimp-canvas-to-blob-3.5.0.tgz",
      "integrity": "sha1-VnmsMvaig1gh8MOtZhcZ/4WpI2s=",
      "optional": true
    },
    "blueimp-file-upload": {
      "version": "github:blueimp/jQuery-File-Upload#4586771d65482dc9678c7e48d245a1501bf96ff5",
      "from": "github:blueimp/jQuery-File-Upload#v9.30.0",
      "requires": {
        "blueimp-canvas-to-blob": "3.5.0",
        "blueimp-load-image": "2.12.2",
        "blueimp-tmpl": "3.6.0"
      }
    },
    "blueimp-load-image": {
      "version": "2.12.2",
      "resolved": "https://registry.npmjs.org/blueimp-load-image/-/blueimp-load-image-2.12.2.tgz",
      "integrity": "sha1-ahdZiquFjU+/AVQ+BjEUG1EFfIc=",
      "optional": true
    },
    "blueimp-tmpl": {
      "version": "3.6.0",
      "resolved": "https://registry.npmjs.org/blueimp-tmpl/-/blueimp-tmpl-3.6.0.tgz",
      "integrity": "sha1-pJEJddBC4rwDunfw5i0E8VSKUkw=",
      "optional": true
    },
    "bootstrap": {
      "version": "github:twbs/bootstrap#81df608a40bf0629a1dc08e584849bb1e43e0b7a",
      "from": "github:twbs/bootstrap#v3.3.6"
    },
    "bootstrap-slider": {
      "version": "github:seiyria/bootstrap-slider#16ebedebe70584c561bc0d1c5af7e91b93e81ec4",
      "from": "github:seiyria/bootstrap-slider#v10.6.2"
    },
    "font-awesome": {
      "version": "github:FortAwesome/Font-Awesome#a8386aae19e200ddb0f6845b5feeee5eb7013687",
      "from": "github:FortAwesome/Font-Awesome#v4.7.0"
    },
    "jquery-steps": {
      "version": "github:rstaib/jquery-steps#117f74ead252ee3162b480e72a040b585326cafb",
      "from": "github:rstaib/jquery-steps#1.1.0"
    },
    "jquery.fancytree": {
      "version": "github:mar10/fancytree#354caceec99e5f497b04a3bf57794d0c18f5aef2",
      "from": "github:mar10/fancytree#v2.33.0"
    },
    "jquery.steps": {
      "version": "github:rstaib/jquery-steps#117f74ead252ee3162b480e72a040b585326cafb",
      "from": "github:rstaib/jquery-steps#1.1.0"
    },
    "js-cookie": {
      "version": "github:js-cookie/js-cookie#54962f884e9ae33f93e13ac903ffaf1d5a523598",
      "from": "github:js-cookie/js-cookie#v2.2.1"
    },
    "seiyria-bootstrap-slider": {
      "version": "github:seiyria/bootstrap-slider#16ebedebe70584c561bc0d1c5af7e91b93e81ec4",
      "from": "github:seiyria/bootstrap-slider#v10.6.2"
    },
    "select2": {
      "version": "github:ivaynberg/select2#5765090318c4d382ae56463cfa25ba8ca7bdd495",
      "from": "github:ivaynberg/select2#4.0.12"
    },
    "slick-carousel": {
      "version": "github:kenwheeler/slick#0f40c9d6a02a5c08b5f4dd80fdada3a854a59bee",
      "from": "github:kenwheeler/slick#v1.8.1"
    },
    "summernote": {
      "version": "github:summernote/summernote#82a3f2fe935776f175a43e18628a5265f878ec47",
      "from": "github:summernote/summernote#v0.8.12"
    },
    "summernote-image-attributes": {
      "version": "github:DiemenDesign/summernote-image-attributes#5d6e89c632e2e4dfb35269c52551732ce7af0593",
      "from": "github:DiemenDesign/summernote-image-attributes#5d6e89c632e2e4dfb35269c52551732ce7af0593",
      "requires": {
        "summernote": "^0.8.2"
      }
    }
  }
}
